
Microsoft Visual Studio Solution File, Format Version 12.00
# Visual Studio Version 17
VisualStudioVersion = 17.4.33205.214
MinimumVisualStudioVersion = 10.0.40219.1
Project("{FAE04EC0-301F-11D3-BF4B-00C04F79EFBC}") = "QuizAPI", "QuizAPI\QuizAPI.csproj", "{6FE149D2-8B06-4598-8274-D2FC52CCD535}"
EndProject
Global
	GlobalSection(SolutionConfigurationPlatforms) = preSolution
		Debug|Any CPU = Debug|Any CPU
		Release|Any CPU = Release|Any CPU
	EndGlobalSection
	GlobalSection(ProjectConfigurationPlatforms) = postSolution
		{6FE149D2-8B06-4598-8274-D2FC52CCD535}.Debug|Any CPU.ActiveCfg = Debug|Any CPU
		{6FE149D2-8B06-4598-8274-D2FC52CCD535}.Debug|Any CPU.Build.0 = Debug|Any CPU
		{6FE149D2-8B06-4598-8274-D2FC52CCD535}.Release|Any CPU.ActiveCfg = Release|Any CPU
		{6FE149D2-8B06-4598-8274-D2FC52CCD535}.Release|Any CPU.Build.0 = Release|Any CPU
	EndGlobalSection
	GlobalSection(SolutionProperties) = preSolution
		HideSolutionNode = FALSE
	EndGlobalSection
	GlobalSection(ExtensibilityGlobals) = postSolution
		SolutionGuid = {A214A755-8975-4B3C-9667-5838E9B32EF9}
	EndGlobalSection
EndGlobal
